
Microsoft Visual Studio Solution File, Format Version 12.00
# Visual Studio Version 17
VisualStudioVersion = 17.10.35122.118
MinimumVisualStudioVersion = 10.0.40219.1
Project("{FAE04EC0-301F-11D3-BF4B-00C04F79EFBC}") = "Forms Application", "Forms Application\Forms Application.csproj", "{344B8E25-046B-4412-8C50-FC2D029475A8}"
EndProject
Global
	GlobalSection(SolutionConfigurationPlatforms) = preSolution
		Debug|Any CPU = Debug|Any CPU
		Release|Any CPU = Release|Any CPU
	EndGlobalSection
	GlobalSection(ProjectConfigurationPlatforms) = postSolution
		{344B8E25-046B-4412-8C50-FC2D029475A8}.Debug|Any CPU.ActiveCfg = Debug|Any CPU
		{344B8E25-046B-4412-8C50-FC2D029475A8}.Debug|Any CPU.Build.0 = Debug|Any CPU
		{344B8E25-046B-4412-8C50-FC2D029475A8}.Release|Any CPU.ActiveCfg = Release|Any CPU
		{344B8E25-046B-4412-8C50-FC2D029475A8}.Release|Any CPU.Build.0 = Release|Any CPU
	EndGlobalSection
	GlobalSection(SolutionProperties) = preSolution
		HideSolutionNode = FALSE
	EndGlobalSection
	GlobalSection(ExtensibilityGlobals) = postSolution
		SolutionGuid = {20DEE92B-9B1C-45A5-BA72-C4A733B2B264}
	EndGlobalSection
EndGlobal
